
Microsoft Visual Studio Solution File, Format Version 12.00
# Visual Studio Version 17
VisualStudioVersion = 17.9.34701.34
MinimumVisualStudioVersion = 10.0.40219.1
Project("{2150E333-8FDC-42A3-9474-1A3956D46DE8}") = "Solution Items", "Solution Items", "{ECFD0E35-D8BB-4D28-B10F-BA194265B933}"
	ProjectSection(SolutionItems) = preProject
		.editorconfig = .editorconfig
		Directory.Build.props = Directory.Build.props
	EndProjectSection
EndProject
Project("{2150E333-8FDC-42A3-9474-1A3956D46DE8}") = "src", "src", "{F19F0090-8EFA-481E-9AF1-0778B4040051}"
EndProject
Project("{2150E333-8FDC-42A3-9474-1A3956D46DE8}") = "API", "API", "{9309A107-223F-4A06-BA0C-594F15623617}"
EndProject
Project("{2150E333-8FDC-42A3-9474-1A3956D46DE8}") = "Modules", "Modules", "{8C02C395-C831-4F3F-9BAE-35250E71C4D5}"
EndProject
Project("{FAE04EC0-301F-11D3-BF4B-00C04F79EFBC}") = "Evently.Api", "src\API\Evently.Api\Evently.Api.csproj", "{BB2EB00A-66DD-4D10-8106-EF96A1A59F38}"
EndProject
Project("{2150E333-8FDC-42A3-9474-1A3956D46DE8}") = "Events", "Events", "{59E8BE84-D27A-4F2F-911D-438717E1F255}"
EndProject
Project("{E53339B2-1760-4266-BCC7-CA923CBCF16C}") = "docker-compose", "docker-compose.dcproj", "{480F1596-D68B-4D3D-9B70-6EC0751138B8}"
EndProject
Project("{FAE04EC0-301F-11D3-BF4B-00C04F79EFBC}") = "Evently.Modules.Events.Domain", "src\Modules\Events\Evently.Modules.Events.Domain\Evently.Modules.Events.Domain.csproj", "{4096859C-34DE-4F97-A74D-54BDBEC4070C}"
EndProject
Project("{FAE04EC0-301F-11D3-BF4B-00C04F79EFBC}") = "Evently.Modules.Events.Application", "src\Modules\Events\Evently.Modules.Events.Application\Evently.Modules.Events.Application.csproj", "{6719C58A-1C78-4F3D-9951-C6F691DC4C46}"
EndProject
Project("{FAE04EC0-301F-11D3-BF4B-00C04F79EFBC}") = "Evently.Modules.Events.Infrastructure", "src\Modules\Events\Evently.Modules.Events.Infrastructure\Evently.Modules.Events.Infrastructure.csproj", "{21428506-E6F7-4E0C-B8E2-BF235FDF6B61}"
EndProject
Project("{FAE04EC0-301F-11D3-BF4B-00C04F79EFBC}") = "Evently.Modules.Events.Presentation", "src\Modules\Events\Evently.Modules.Events.Presentation\Evently.Modules.Events.Presentation.csproj", "{93078F78-76BB-46EB-8E1B-340E786EA405}"
EndProject
Project("{2150E333-8FDC-42A3-9474-1A3956D46DE8}") = "Common", "Common", "{1A7339A0-247F-4CB0-B4FF-500666CAE703}"
EndProject
Project("{FAE04EC0-301F-11D3-BF4B-00C04F79EFBC}") = "Evently.Common.Application", "src\Common\Evently.Common.Application\Evently.Common.Application.csproj", "{06980257-E7B7-40D9-BB96-7246B52CF33B}"
EndProject
Project("{FAE04EC0-301F-11D3-BF4B-00C04F79EFBC}") = "Evently.Common.Domain", "src\Common\Evently.Common.Domain\Evently.Common.Domain.csproj", "{37AE035E-FAF5-42AF-9457-0AA7DC3B197F}"
EndProject
Project("{FAE04EC0-301F-11D3-BF4B-00C04F79EFBC}") = "Evently.Common.Infrastructure", "src\Common\Evently.Common.Infrastructure\Evently.Common.Infrastructure.csproj", "{4BC2F90D-65B5-497B-8402-3ED963AE36CC}"
EndProject
Global
	GlobalSection(SolutionConfigurationPlatforms) = preSolution
		Debug|Any CPU = Debug|Any CPU
		Release|Any CPU = Release|Any CPU
	EndGlobalSection
	GlobalSection(ProjectConfigurationPlatforms) = postSolution
		{BB2EB00A-66DD-4D10-8106-EF96A1A59F38}.Debug|Any CPU.ActiveCfg = Debug|Any CPU
		{BB2EB00A-66DD-4D10-8106-EF96A1A59F38}.Debug|Any CPU.Build.0 = Debug|Any CPU
		{BB2EB00A-66DD-4D10-8106-EF96A1A59F38}.Release|Any CPU.ActiveCfg = Release|Any CPU
		{BB2EB00A-66DD-4D10-8106-EF96A1A59F38}.Release|Any CPU.Build.0 = Release|Any CPU
		{480F1596-D68B-4D3D-9B70-6EC0751138B8}.Debug|Any CPU.ActiveCfg = Debug|Any CPU
		{480F1596-D68B-4D3D-9B70-6EC0751138B8}.Debug|Any CPU.Build.0 = Debug|Any CPU
		{480F1596-D68B-4D3D-9B70-6EC0751138B8}.Release|Any CPU.ActiveCfg = Release|Any CPU
		{480F1596-D68B-4D3D-9B70-6EC0751138B8}.Release|Any CPU.Build.0 = Release|Any CPU
		{4096859C-34DE-4F97-A74D-54BDBEC4070C}.Debug|Any CPU.ActiveCfg = Debug|Any CPU
		{4096859C-34DE-4F97-A74D-54BDBEC4070C}.Debug|Any CPU.Build.0 = Debug|Any CPU
		{4096859C-34DE-4F97-A74D-54BDBEC4070C}.Release|Any CPU.ActiveCfg = Release|Any CPU
		{4096859C-34DE-4F97-A74D-54BDBEC4070C}.Release|Any CPU.Build.0 = Release|Any CPU
		{6719C58A-1C78-4F3D-9951-C6F691DC4C46}.Debug|Any CPU.ActiveCfg = Debug|Any CPU
		{6719C58A-1C78-4F3D-9951-C6F691DC4C46}.Debug|Any CPU.Build.0 = Debug|Any CPU
		{6719C58A-1C78-4F3D-9951-C6F691DC4C46}.Release|Any CPU.ActiveCfg = Release|Any CPU
		{6719C58A-1C78-4F3D-9951-C6F691DC4C46}.Release|Any CPU.Build.0 = Release|Any CPU
		{21428506-E6F7-4E0C-B8E2-BF235FDF6B61}.Debug|Any CPU.ActiveCfg = Debug|Any CPU
		{21428506-E6F7-4E0C-B8E2-BF235FDF6B61}.Debug|Any CPU.Build.0 = Debug|Any CPU
		{21428506-E6F7-4E0C-B8E2-BF235FDF6B61}.Release|Any CPU.ActiveCfg = Release|Any CPU
		{21428506-E6F7-4E0C-B8E2-BF235FDF6B61}.Release|Any CPU.Build.0 = Release|Any CPU
		{93078F78-76BB-46EB-8E1B-340E786EA405}.Debug|Any CPU.ActiveCfg = Debug|Any CPU
		{93078F78-76BB-46EB-8E1B-340E786EA405}.Debug|Any CPU.Build.0 = Debug|Any CPU
		{93078F78-76BB-46EB-8E1B-340E786EA405}.Release|Any CPU.ActiveCfg = Release|Any CPU
		{93078F78-76BB-46EB-8E1B-340E786EA405}.Release|Any CPU.Build.0 = Release|Any CPU
		{06980257-E7B7-40D9-BB96-7246B52CF33B}.Debug|Any CPU.ActiveCfg = Debug|Any CPU
		{06980257-E7B7-40D9-BB96-7246B52CF33B}.Debug|Any CPU.Build.0 = Debug|Any CPU
		{06980257-E7B7-40D9-BB96-7246B52CF33B}.Release|Any CPU.ActiveCfg = Release|Any CPU
		{06980257-E7B7-40D9-BB96-7246B52CF33B}.Release|Any CPU.Build.0 = Release|Any CPU
		{37AE035E-FAF5-42AF-9457-0AA7DC3B197F}.Debug|Any CPU.ActiveCfg = Debug|Any CPU
		{37AE035E-FAF5-42AF-9457-0AA7DC3B197F}.Debug|Any CPU.Build.0 = Debug|Any CPU
		{37AE035E-FAF5-42AF-9457-0AA7DC3B197F}.Release|Any CPU.ActiveCfg = Release|Any CPU
		{37AE035E-FAF5-42AF-9457-0AA7DC3B197F}.Release|Any CPU.Build.0 = Release|Any CPU
		{4BC2F90D-65B5-497B-8402-3ED963AE36CC}.Debug|Any CPU.ActiveCfg = Debug|Any CPU
		{4BC2F90D-65B5-497B-8402-3ED963AE36CC}.Debug|Any CPU.Build.0 = Debug|Any CPU
		{4BC2F90D-65B5-497B-8402-3ED963AE36CC}.Release|Any CPU.ActiveCfg = Release|Any CPU
		{4BC2F90D-65B5-497B-8402-3ED963AE36CC}.Release|Any CPU.Build.0 = Release|Any CPU
	EndGlobalSection
	GlobalSection(SolutionProperties) = preSolution
		HideSolutionNode = FALSE
	EndGlobalSection
	GlobalSection(NestedProjects) = preSolution
		{9309A107-223F-4A06-BA0C-594F15623617} = {F19F0090-8EFA-481E-9AF1-0778B4040051}
		{8C02C395-C831-4F3F-9BAE-35250E71C4D5} = {F19F0090-8EFA-481E-9AF1-0778B4040051}
		{BB2EB00A-66DD-4D10-8106-EF96A1A59F38} = {9309A107-223F-4A06-BA0C-594F15623617}
		{59E8BE84-D27A-4F2F-911D-438717E1F255} = {8C02C395-C831-4F3F-9BAE-35250E71C4D5}
		{4096859C-34DE-4F97-A74D-54BDBEC4070C} = {59E8BE84-D27A-4F2F-911D-438717E1F255}
		{6719C58A-1C78-4F3D-9951-C6F691DC4C46} = {59E8BE84-D27A-4F2F-911D-438717E1F255}
		{21428506-E6F7-4E0C-B8E2-BF235FDF6B61} = {59E8BE84-D27A-4F2F-911D-438717E1F255}
		{93078F78-76BB-46EB-8E1B-340E786EA405} = {59E8BE84-D27A-4F2F-911D-438717E1F255}
		{1A7339A0-247F-4CB0-B4FF-500666CAE703} = {F19F0090-8EFA-481E-9AF1-0778B4040051}
		{06980257-E7B7-40D9-BB96-7246B52CF33B} = {1A7339A0-247F-4CB0-B4FF-500666CAE703}
		{37AE035E-FAF5-42AF-9457-0AA7DC3B197F} = {1A7339A0-247F-4CB0-B4FF-500666CAE703}
		{4BC2F90D-65B5-497B-8402-3ED963AE36CC} = {1A7339A0-247F-4CB0-B4FF-500666CAE703}
	EndGlobalSection
	GlobalSection(ExtensibilityGlobals) = postSolution
		SolutionGuid = {1E42AE86-7F3C-45F4-A386-AB71CC4446CB}
	EndGlobalSection
EndGlobal
